// !$*UTF8*$!
{
	archiveVersion = 1;
	classes = {
	};
	objectVersion = 46;
	objects = {

/* Begin PBXFileReference section */
		084BB12D1AFF818E004A0D4A /* prebuild.py */ = {isa = PBXFileReference; fileEncoding = 4; lastKnownFileType = text.script.python; path = prebuild.py; sourceTree = "<group>"; };
		085AD3A51AAC7FF9002B804C /* produce_events_docs.py */ = {isa = PBXFileReference; fileEncoding = 4; lastKnownFileType = text.script.python; path = produce_events_docs.py; sourceTree = "<group>"; };
		0867CA071B16567200FF0E85 /* produce_experiments_resource_file.py */ = {isa = PBXFileReference; lastKnownFileType = text.script.python; path = produce_experiments_resource_file.py; sourceTree = "<group>"; };
		08CED1201AA6FB2200C50D0C /* produce_events_resource_file.py */ = {isa = PBXFileReference; fileEncoding = 4; lastKnownFileType = text.script.python; path = produce_events_resource_file.py; sourceTree = "<group>"; };
/* End PBXFileReference section */

/* Begin PBXGroup section */
		08CED1141AA6F9B400C50D0C = {
			isa = PBXGroup;
			children = (
				0867CA071B16567200FF0E85 /* produce_experiments_resource_file.py */,
				08CED1201AA6FB2200C50D0C /* produce_events_resource_file.py */,
				085AD3A51AAC7FF9002B804C /* produce_events_docs.py */,
				084BB12D1AFF818E004A0D4A /* prebuild.py */,
			);
			sourceTree = "<group>";
		};
/* End PBXGroup section */

/* Begin PBXLegacyTarget section */
		08CED1191AA6F9B400C50D0C /* buildTools */ = {
			isa = PBXLegacyTarget;
			buildArgumentsString = "$(SRCROOT)/produce_events_resource_file.py";
			buildConfigurationList = 08CED11C1AA6F9B400C50D0C /* Build configuration list for PBXLegacyTarget "buildTools" */;
			buildPhases = (
			);
			buildToolPath = /usr/bin/python;
			buildWorkingDirectory = "";
			dependencies = (
			);
			name = buildTools;
			passBuildSettingsInEnvironment = 1;
			productName = buildTools;
		};
/* End PBXLegacyTarget section */

/* Begin PBXProject section */
		08CED1151AA6F9B400C50D0C /* Project object */ = {
			isa = PBXProject;
			attributes = {
				LastUpgradeCheck = 0610;
				ORGANIZATIONNAME = Homage;
				TargetAttributes = {
					08CED1191AA6F9B400C50D0C = {
						CreatedOnToolsVersion = 6.1.1;
					};
				};
			};
			buildConfigurationList = 08CED1181AA6F9B400C50D0C /* Build configuration list for PBXProject "buildTools" */;
			compatibilityVersion = "Xcode 3.2";
			developmentRegion = English;
			hasScannedForEncodings = 0;
			knownRegions = (
				en,
			);
			mainGroup = 08CED1141AA6F9B400C50D0C;
			projectDirPath = "";
			projectRoot = "";
			targets = (
				08CED1191AA6F9B400C50D0C /* buildTools */,
			);
		};
/* End PBXProject section */

/* Begin XCBuildConfiguration section */
		08CED11A1AA6F9B400C50D0C /* Debug */ = {
			isa = XCBuildConfiguration;
			buildSettings = {
				ALWAYS_SEARCH_USER_PATHS = NO;
				CLANG_CXX_LANGUAGE_STANDARD = "gnu++0x";
				CLANG_CXX_LIBRARY = "libc++";
				CLANG_ENABLE_MODULES = YES;
				CLANG_ENABLE_OBJC_ARC = YES;
				CLANG_WARN_BOOL_CONVERSION = YES;
				CLANG_WARN_CONSTANT_CONVERSION = YES;
				CLANG_WARN_DIRECT_OBJC_ISA_USAGE = YES_ERROR;
				CLANG_WARN_EMPTY_BODY = YES;
				CLANG_WARN_ENUM_CONVERSION = YES;
				CLANG_WARN_INT_CONVERSION = YES;
				CLANG_WARN_OBJC_ROOT_CLASS = YES_ERROR;
				CLANG_WARN_UNREACHABLE_CODE = YES;
				CLANG_WARN__DUPLICATE_METHOD_MATCH = YES;
				COPY_PHASE_STRIP = NO;
				ENABLE_STRICT_OBJC_MSGSEND = YES;
				GCC_C_LANGUAGE_STANDARD = gnu99;
				GCC_DYNAMIC_NO_PIC = NO;
				GCC_OPTIMIZATION_LEVEL = 0;
				GCC_PREPROCESSOR_DEFINITIONS = (
					"DEBUG=1",
					"$(inherited)",
				);
				GCC_SYMBOLS_PRIVATE_EXTERN = NO;
				GCC_WARN_64_TO_32_BIT_CONVERSION = YES;
				GCC_WARN_ABOUT_RETURN_TYPE = YES_ERROR;
				GCC_WARN_UNDECLARED_SELECTOR = YES;
				GCC_WARN_UNINITIALIZED_AUTOS = YES_AGGRESSIVE;
				GCC_WARN_UNUSED_FUNCTION = YES;
				GCC_WARN_UNUSED_VARIABLE = YES;
				MACOSX_DEPLOYMENT_TARGET = 10.10;
				MTL_ENABLE_DEBUG_INFO = YES;
				ONLY_ACTIVE_ARCH = YES;
				SDKROOT = macosx;
			};
			name = Debug;
		};
		08CED11B1AA6F9B400C50D0C /* Release */ = {
			isa = XCBuildConfiguration;
			buildSettings = {
				ALWAYS_SEARCH_USER_PATHS = NO;
				CLANG_CXX_LANGUAGE_STANDARD = "gnu++0x";
				CLANG_CXX_LIBRARY = "libc++";
				CLANG_ENABLE_MODULES = YES;
				CLANG_ENABLE_OBJC_ARC = YES;
				CLANG_WARN_BOOL_CONVERSION = YES;
				CLANG_WARN_CONSTANT_CONVERSION = YES;
				CLANG_WARN_DIRECT_OBJC_ISA_USAGE = YES_ERROR;
				CLANG_WARN_EMPTY_BODY = YES;
				CLANG_WARN_ENUM_CONVERSION = YES;
				CLANG_WARN_INT_CONVERSION = YES;
				CLANG_WARN_OBJC_ROOT_CLASS = YES_ERROR;
				CLANG_WARN_UNREACHABLE_CODE = YES;
				CLANG_WARN__DUPLICATE_METHOD_MATCH = YES;
				COPY_PHASE_STRIP = YES;
				DEBUG_INFORMATION_FORMAT = "dwarf-with-dsym";
				ENABLE_NS_ASSERTIONS = NO;
				ENABLE_STRICT_OBJC_MSGSEND = YES;
				GCC_C_LANGUAGE_STANDARD = gnu99;
				GCC_WARN_64_TO_32_BIT_CONVERSION = YES;
				GCC_WARN_ABOUT_RETURN_TYPE = YES_ERROR;
				GCC_WARN_UNDECLARED_SELECTOR = YES;
				GCC_WARN_UNINITIALIZED_AUTOS = YES_AGGRESSIVE;
				GCC_WARN_UNUSED_FUNCTION = YES;
				GCC_WARN_UNUSED_VARIABLE = YES;
				MACOSX_DEPLOYMENT_TARGET = 10.10;
				MTL_ENABLE_DEBUG_INFO = NO;
				SDKROOT = macosx;
			};
			name = Release;
		};
		08CED11D1AA6F9B400C50D0C /* Debug */ = {
			isa = XCBuildConfiguration;
			buildSettings = {
				DEBUGGING_SYMBOLS = YES;
				GCC_GENERATE_DEBUGGING_SYMBOLS = YES;
				GCC_OPTIMIZATION_LEVEL = 0;
				OTHER_CFLAGS = "";
				OTHER_LDFLAGS = "";
				PRODUCT_NAME = "$(TARGET_NAME)";
			};
			name = Debug;
		};
		08CED11E1AA6F9B400C50D0C /* Release */ = {
			isa = XCBuildConfiguration;
			buildSettings = {
				OTHER_CFLAGS = "";
				OTHER_LDFLAGS = "";
				PRODUCT_NAME = "$(TARGET_NAME)";
			};
			name = Release;
		};
/* End XCBuildConfiguration section */

/* Begin XCConfigurationList section */
		08CED1181AA6F9B400C50D0C /* Build configuration list for PBXProject "buildTools" */ = {
			isa = XCConfigurationList;
			buildConfigurations = (
				08CED11A1AA6F9B400C50D0C /* Debug */,
				08CED11B1AA6F9B400C50D0C /* Release */,
			);
			defaultConfigurationIsVisible = 0;
			defaultConfigurationName = Release;
		};
		08CED11C1AA6F9B400C50D0C /* Build configuration list for PBXLegacyTarget "buildTools" */ = {
			isa = XCConfigurationList;
			buildConfigurations = (
				08CED11D1AA6F9B400C50D0C /* Debug */,
				08CED11E1AA6F9B400C50D0C /* Release */,
			);
			defaultConfigurationIsVisible = 0;
			defaultConfigurationName = Release;
		};
/* End XCConfigurationList section */
	};
	rootObject = 08CED1151AA6F9B400C50D0C /* Project object */;
}
